
Microsoft Visual Studio Solution File, Format Version 12.00
# Visual Studio Version 16
VisualStudioVersion = 16.0.32126.315
MinimumVisualStudioVersion = 10.0.40219.1
Project("{FAE04EC0-301F-11D3-BF4B-00C04F79EFBC}") = "GifX", "GifX\GifX.csproj", "{197C0C94-F08F-43E9-BF9C-289E53298F09}"
EndProject
Project("{FAE04EC0-301F-11D3-BF4B-00C04F79EFBC}") = "IconfontX", "IconfontX\IconfontX.csproj", "{67428E5B-48B3-4017-A447-0AE5D11DC99F}"
EndProject
Project("{FAE04EC0-301F-11D3-BF4B-00C04F79EFBC}") = "WpfControls", "WpfControls\WpfControls.csproj", "{923AF1F3-D69E-4CAB-AC76-3652C9E1F91E}"
EndProject
Project("{FAE04EC0-301F-11D3-BF4B-00C04F79EFBC}") = "GeometryX", "GeometryX\GeometryX.csproj", "{32B3C894-69AB-4CA2-B87B-EC99D1774C7D}"
EndProject
Project("{D954291E-2A0B-460D-934E-DC6B0785DB48}") = "SharedResources", "SharedResources\SharedResources.shproj", "{018EA036-2538-4F27-8BF8-8F72E233E4D4}"
EndProject
Global
	GlobalSection(SharedMSBuildProjectFiles) = preSolution
		SharedResources\SharedResources.projitems*{018ea036-2538-4f27-8bf8-8f72e233e4d4}*SharedItemsImports = 13
		SharedResources\SharedResources.projitems*{32b3c894-69ab-4ca2-b87b-ec99d1774c7d}*SharedItemsImports = 4
		SharedResources\SharedResources.projitems*{923af1f3-d69e-4cab-ac76-3652c9e1f91e}*SharedItemsImports = 4
	EndGlobalSection
	GlobalSection(SolutionConfigurationPlatforms) = preSolution
		Debug|Any CPU = Debug|Any CPU
		Release|Any CPU = Release|Any CPU
	EndGlobalSection
	GlobalSection(ProjectConfigurationPlatforms) = postSolution
		{197C0C94-F08F-43E9-BF9C-289E53298F09}.Debug|Any CPU.ActiveCfg = Debug|Any CPU
		{197C0C94-F08F-43E9-BF9C-289E53298F09}.Debug|Any CPU.Build.0 = Debug|Any CPU
		{197C0C94-F08F-43E9-BF9C-289E53298F09}.Release|Any CPU.ActiveCfg = Release|Any CPU
		{197C0C94-F08F-43E9-BF9C-289E53298F09}.Release|Any CPU.Build.0 = Release|Any CPU
		{67428E5B-48B3-4017-A447-0AE5D11DC99F}.Debug|Any CPU.ActiveCfg = Debug|Any CPU
		{67428E5B-48B3-4017-A447-0AE5D11DC99F}.Debug|Any CPU.Build.0 = Debug|Any CPU
		{67428E5B-48B3-4017-A447-0AE5D11DC99F}.Release|Any CPU.ActiveCfg = Release|Any CPU
		{67428E5B-48B3-4017-A447-0AE5D11DC99F}.Release|Any CPU.Build.0 = Release|Any CPU
		{923AF1F3-D69E-4CAB-AC76-3652C9E1F91E}.Debug|Any CPU.ActiveCfg = Debug|Any CPU
		{923AF1F3-D69E-4CAB-AC76-3652C9E1F91E}.Debug|Any CPU.Build.0 = Debug|Any CPU
		{923AF1F3-D69E-4CAB-AC76-3652C9E1F91E}.Release|Any CPU.ActiveCfg = Release|Any CPU
		{923AF1F3-D69E-4CAB-AC76-3652C9E1F91E}.Release|Any CPU.Build.0 = Release|Any CPU
		{32B3C894-69AB-4CA2-B87B-EC99D1774C7D}.Debug|Any CPU.ActiveCfg = Debug|Any CPU
		{32B3C894-69AB-4CA2-B87B-EC99D1774C7D}.Debug|Any CPU.Build.0 = Debug|Any CPU
		{32B3C894-69AB-4CA2-B87B-EC99D1774C7D}.Release|Any CPU.ActiveCfg = Release|Any CPU
		{32B3C894-69AB-4CA2-B87B-EC99D1774C7D}.Release|Any CPU.Build.0 = Release|Any CPU
	EndGlobalSection
	GlobalSection(SolutionProperties) = preSolution
		HideSolutionNode = FALSE
	EndGlobalSection
	GlobalSection(ExtensibilityGlobals) = postSolution
		SolutionGuid = {6365E8F2-15D1-466A-8E68-519FBE0C7B91}
	EndGlobalSection
EndGlobal
